
Microsoft Visual Studio Solution File, Format Version 12.00
# Visual Studio Version 16
VisualStudioVersion = 16.0.30320.27
MinimumVisualStudioVersion = 10.0.40219.1
Project("{FAE04EC0-301F-11D3-BF4B-00C04F79EFBC}") = "ContactsApp.api", "ContactsApp.api\ContactsApp.api.csproj", "{46E61F80-9036-4ADB-BC0B-0E8BBFE288E5}"
EndProject
Global
	GlobalSection(SolutionConfigurationPlatforms) = preSolution
		Debug|Any CPU = Debug|Any CPU
		Release|Any CPU = Release|Any CPU
	EndGlobalSection
	GlobalSection(ProjectConfigurationPlatforms) = postSolution
		{46E61F80-9036-4ADB-BC0B-0E8BBFE288E5}.Debug|Any CPU.ActiveCfg = Debug|Any CPU
		{46E61F80-9036-4ADB-BC0B-0E8BBFE288E5}.Debug|Any CPU.Build.0 = Debug|Any CPU
		{46E61F80-9036-4ADB-BC0B-0E8BBFE288E5}.Release|Any CPU.ActiveCfg = Release|Any CPU
		{46E61F80-9036-4ADB-BC0B-0E8BBFE288E5}.Release|Any CPU.Build.0 = Release|Any CPU
	EndGlobalSection
	GlobalSection(SolutionProperties) = preSolution
		HideSolutionNode = FALSE
	EndGlobalSection
	GlobalSection(ExtensibilityGlobals) = postSolution
		SolutionGuid = {1DA580D4-486A-45C1-B4B9-6171B0368118}
	EndGlobalSection
EndGlobal
